
Microsoft Visual Studio Solution File, Format Version 12.00
# Visual Studio Version 17
VisualStudioVersion = 17.2.32630.192
MinimumVisualStudioVersion = 10.0.40219.1
Project("{FAE04EC0-301F-11D3-BF4B-00C04F79EFBC}") = "Projet_SpicyInvader", "Projet_SpicyInvader.csproj", "{255144E8-D8CD-4FD4-972C-28760AB57163}"
EndProject
Global
	GlobalSection(SolutionConfigurationPlatforms) = preSolution
		Debug|Any CPU = Debug|Any CPU
		Release|Any CPU = Release|Any CPU
	EndGlobalSection
	GlobalSection(ProjectConfigurationPlatforms) = postSolution
		{255144E8-D8CD-4FD4-972C-28760AB57163}.Debug|Any CPU.ActiveCfg = Debug|Any CPU
		{255144E8-D8CD-4FD4-972C-28760AB57163}.Debug|Any CPU.Build.0 = Debug|Any CPU
		{255144E8-D8CD-4FD4-972C-28760AB57163}.Release|Any CPU.ActiveCfg = Release|Any CPU
		{255144E8-D8CD-4FD4-972C-28760AB57163}.Release|Any CPU.Build.0 = Release|Any CPU
	EndGlobalSection
	GlobalSection(SolutionProperties) = preSolution
		HideSolutionNode = FALSE
	EndGlobalSection
	GlobalSection(ExtensibilityGlobals) = postSolution
		SolutionGuid = {94E6F151-52D1-48D6-BEDE-B7A4A6EEB1CC}
	EndGlobalSection
EndGlobal
